
Microsoft Visual Studio Solution File, Format Version 12.00
# Visual Studio 15
VisualStudioVersion = 15.0.28307.1267
MinimumVisualStudioVersion = 10.0.40219.1
Project("{FAE04EC0-301F-11D3-BF4B-00C04F79EFBC}") = "LabTesttTwo", "LabTesttTwo\LabTesttTwo.csproj", "{A8FB60A6-7BFA-438F-ADE9-73776E36D81C}"
EndProject
Global
	GlobalSection(SolutionConfigurationPlatforms) = preSolution
		Debug|Any CPU = Debug|Any CPU
		Release|Any CPU = Release|Any CPU
	EndGlobalSection
	GlobalSection(ProjectConfigurationPlatforms) = postSolution
		{A8FB60A6-7BFA-438F-ADE9-73776E36D81C}.Debug|Any CPU.ActiveCfg = Debug|Any CPU
		{A8FB60A6-7BFA-438F-ADE9-73776E36D81C}.Debug|Any CPU.Build.0 = Debug|Any CPU
		{A8FB60A6-7BFA-438F-ADE9-73776E36D81C}.Release|Any CPU.ActiveCfg = Release|Any CPU
		{A8FB60A6-7BFA-438F-ADE9-73776E36D81C}.Release|Any CPU.Build.0 = Release|Any CPU
	EndGlobalSection
	GlobalSection(SolutionProperties) = preSolution
		HideSolutionNode = FALSE
	EndGlobalSection
	GlobalSection(ExtensibilityGlobals) = postSolution
		SolutionGuid = {CD21A36D-7DC2-49B5-BF1A-ADA37D920CDA}
	EndGlobalSection
EndGlobal
